// !$*UTF8*$!
{
	archiveVersion = 1;
	classes = {
	};
	objectVersion = 46;
	objects = {

/* Begin PBXBuildFile section */
		AB1F1F841A01849600AD39C8 /* AppDelegate.swift in Sources */ = {isa = PBXBuildFile; fileRef = AB1F1F831A01849600AD39C8 /* AppDelegate.swift */; };
		AB1F1F871A01849600AD39C8 /* NBusy.xcdatamodeld in Sources */ = {isa = PBXBuildFile; fileRef = AB1F1F851A01849600AD39C8 /* NBusy.xcdatamodeld */; };
		AB1F1F891A01849600AD39C8 /* MasterViewController.swift in Sources */ = {isa = PBXBuildFile; fileRef = AB1F1F881A01849600AD39C8 /* MasterViewController.swift */; };
		AB1F1F8B1A01849600AD39C8 /* DetailViewController.swift in Sources */ = {isa = PBXBuildFile; fileRef = AB1F1F8A1A01849600AD39C8 /* DetailViewController.swift */; };
		AB1F1F8E1A01849600AD39C8 /* Main.storyboard in Resources */ = {isa = PBXBuildFile; fileRef = AB1F1F8C1A01849600AD39C8 /* Main.storyboard */; };
		AB1F1F901A01849600AD39C8 /* Images.xcassets in Resources */ = {isa = PBXBuildFile; fileRef = AB1F1F8F1A01849600AD39C8 /* Images.xcassets */; };
		AB1F1F931A01849600AD39C8 /* LaunchScreen.xib in Resources */ = {isa = PBXBuildFile; fileRef = AB1F1F911A01849600AD39C8 /* LaunchScreen.xib */; };
		AB1F1F9F1A01849600AD39C8 /* NBusyTests.swift in Sources */ = {isa = PBXBuildFile; fileRef = AB1F1F9E1A01849600AD39C8 /* NBusyTests.swift */; };
/* End PBXBuildFile section */

/* Begin PBXContainerItemProxy section */
		AB1F1F991A01849600AD39C8 /* PBXContainerItemProxy */ = {
			isa = PBXContainerItemProxy;
			containerPortal = AB1F1F761A01849600AD39C8 /* Project object */;
			proxyType = 1;
			remoteGlobalIDString = AB1F1F7D1A01849600AD39C8;
			remoteInfo = NBusy;
		};
/* End PBXContainerItemProxy section */

/* Begin PBXFileReference section */
		AB1F1F7E1A01849600AD39C8 /* NBusy.app */ = {isa = PBXFileReference; explicitFileType = wrapper.application; includeInIndex = 0; path = NBusy.app; sourceTree = BUILT_PRODUCTS_DIR; };
		AB1F1F821A01849600AD39C8 /* Info.plist */ = {isa = PBXFileReference; lastKnownFileType = text.plist.xml; path = Info.plist; sourceTree = "<group>"; };
		AB1F1F831A01849600AD39C8 /* AppDelegate.swift */ = {isa = PBXFileReference; lastKnownFileType = sourcecode.swift; path = AppDelegate.swift; sourceTree = "<group>"; };
		AB1F1F861A01849600AD39C8 /* NBusy.xcdatamodel */ = {isa = PBXFileReference; lastKnownFileType = wrapper.xcdatamodel; path = NBusy.xcdatamodel; sourceTree = "<group>"; };
		AB1F1F881A01849600AD39C8 /* MasterViewController.swift */ = {isa = PBXFileReference; lastKnownFileType = sourcecode.swift; path = MasterViewController.swift; sourceTree = "<group>"; };
		AB1F1F8A1A01849600AD39C8 /* DetailViewController.swift */ = {isa = PBXFileReference; lastKnownFileType = sourcecode.swift; path = DetailViewController.swift; sourceTree = "<group>"; };
		AB1F1F8D1A01849600AD39C8 /* Base */ = {isa = PBXFileReference; lastKnownFileType = file.storyboard; name = Base; path = Base.lproj/Main.storyboard; sourceTree = "<group>"; };
		AB1F1F8F1A01849600AD39C8 /* Images.xcassets */ = {isa = PBXFileReference; lastKnownFileType = folder.assetcatalog; path = Images.xcassets; sourceTree = "<group>"; };
		AB1F1F921A01849600AD39C8 /* Base */ = {isa = PBXFileReference; lastKnownFileType = file.xib; name = Base; path = Base.lproj/LaunchScreen.xib; sourceTree = "<group>"; };
		AB1F1F981A01849600AD39C8 /* NBusyTests.xctest */ = {isa = PBXFileReference; explicitFileType = wrapper.cfbundle; includeInIndex = 0; path = NBusyTests.xctest; sourceTree = BUILT_PRODUCTS_DIR; };
		AB1F1F9D1A01849600AD39C8 /* Info.plist */ = {isa = PBXFileReference; lastKnownFileType = text.plist.xml; path = Info.plist; sourceTree = "<group>"; };
		AB1F1F9E1A01849600AD39C8 /* NBusyTests.swift */ = {isa = PBXFileReference; lastKnownFileType = sourcecode.swift; path = NBusyTests.swift; sourceTree = "<group>"; };
/* End PBXFileReference section */

/* Begin PBXFrameworksBuildPhase section */
		AB1F1F7B1A01849600AD39C8 /* Frameworks */ = {
			isa = PBXFrameworksBuildPhase;
			buildActionMask = 2147483647;
			files = (
			);
			runOnlyForDeploymentPostprocessing = 0;
		};
		AB1F1F951A01849600AD39C8 /* Frameworks */ = {
			isa = PBXFrameworksBuildPhase;
			buildActionMask = 2147483647;
			files = (
			);
			runOnlyForDeploymentPostprocessing = 0;
		};
/* End PBXFrameworksBuildPhase section */

/* Begin PBXGroup section */
		AB1F1F751A01849600AD39C8 = {
			isa = PBXGroup;
			children = (
				AB1F1F801A01849600AD39C8 /* NBusy */,
				AB1F1F9B1A01849600AD39C8 /* NBusyTests */,
				AB1F1F7F1A01849600AD39C8 /* Products */,
			);
			sourceTree = "<group>";
		};
		AB1F1F7F1A01849600AD39C8 /* Products */ = {
			isa = PBXGroup;
			children = (
				AB1F1F7E1A01849600AD39C8 /* NBusy.app */,
				AB1F1F981A01849600AD39C8 /* NBusyTests.xctest */,
			);
			name = Products;
			sourceTree = "<group>";
		};
		AB1F1F801A01849600AD39C8 /* NBusy */ = {
			isa = PBXGroup;
			children = (
				AB1F1F831A01849600AD39C8 /* AppDelegate.swift */,
				AB1F1F881A01849600AD39C8 /* MasterViewController.swift */,
				AB1F1F8A1A01849600AD39C8 /* DetailViewController.swift */,
				AB1F1F8C1A01849600AD39C8 /* Main.storyboard */,
				AB1F1F8F1A01849600AD39C8 /* Images.xcassets */,
				AB1F1F911A01849600AD39C8 /* LaunchScreen.xib */,
				AB1F1F851A01849600AD39C8 /* NBusy.xcdatamodeld */,
				AB1F1F811A01849600AD39C8 /* Supporting Files */,
			);
			path = NBusy;
			sourceTree = "<group>";
		};
		AB1F1F811A01849600AD39C8 /* Supporting Files */ = {
			isa = PBXGroup;
			children = (
				AB1F1F821A01849600AD39C8 /* Info.plist */,
			);
			name = "Supporting Files";
			sourceTree = "<group>";
		};
		AB1F1F9B1A01849600AD39C8 /* NBusyTests */ = {
			isa = PBXGroup;
			children = (
				AB1F1F9E1A01849600AD39C8 /* NBusyTests.swift */,
				AB1F1F9C1A01849600AD39C8 /* Supporting Files */,
			);
			path = NBusyTests;
			sourceTree = "<group>";
		};
		AB1F1F9C1A01849600AD39C8 /* Supporting Files */ = {
			isa = PBXGroup;
			children = (
				AB1F1F9D1A01849600AD39C8 /* Info.plist */,
			);
			name = "Supporting Files";
			sourceTree = "<group>";
		};
/* End PBXGroup section */

/* Begin PBXNativeTarget section */
		AB1F1F7D1A01849600AD39C8 /* NBusy */ = {
			isa = PBXNativeTarget;
			buildConfigurationList = AB1F1FA21A01849600AD39C8 /* Build configuration list for PBXNativeTarget "NBusy" */;
			buildPhases = (
				AB1F1F7A1A01849600AD39C8 /* Sources */,
				AB1F1F7B1A01849600AD39C8 /* Frameworks */,
				AB1F1F7C1A01849600AD39C8 /* Resources */,
			);
			buildRules = (
			);
			dependencies = (
			);
			name = NBusy;
			productName = NBusy;
			productReference = AB1F1F7E1A01849600AD39C8 /* NBusy.app */;
			productType = "com.apple.product-type.application";
		};
		AB1F1F971A01849600AD39C8 /* NBusyTests */ = {
			isa = PBXNativeTarget;
			buildConfigurationList = AB1F1FA51A01849600AD39C8 /* Build configuration list for PBXNativeTarget "NBusyTests" */;
			buildPhases = (
				AB1F1F941A01849600AD39C8 /* Sources */,
				AB1F1F951A01849600AD39C8 /* Frameworks */,
				AB1F1F961A01849600AD39C8 /* Resources */,
			);
			buildRules = (
			);
			dependencies = (
				AB1F1F9A1A01849600AD39C8 /* PBXTargetDependency */,
			);
			name = NBusyTests;
			productName = NBusyTests;
			productReference = AB1F1F981A01849600AD39C8 /* NBusyTests.xctest */;
			productType = "com.apple.product-type.bundle.unit-test";
		};
/* End PBXNativeTarget section */

/* Begin PBXProject section */
		AB1F1F761A01849600AD39C8 /* Project object */ = {
			isa = PBXProject;
			attributes = {
				LastUpgradeCheck = 0610;
				ORGANIZATIONNAME = "Teoman Soygul";
				TargetAttributes = {
					AB1F1F7D1A01849600AD39C8 = {
						CreatedOnToolsVersion = 6.1;
					};
					AB1F1F971A01849600AD39C8 = {
						CreatedOnToolsVersion = 6.1;
						TestTargetID = AB1F1F7D1A01849600AD39C8;
					};
				};
			};
			buildConfigurationList = AB1F1F791A01849600AD39C8 /* Build configuration list for PBXProject "NBusy" */;
			compatibilityVersion = "Xcode 3.2";
			developmentRegion = English;
			hasScannedForEncodings = 0;
			knownRegions = (
				en,
				Base,
			);
			mainGroup = AB1F1F751A01849600AD39C8;
			productRefGroup = AB1F1F7F1A01849600AD39C8 /* Products */;
			projectDirPath = "";
			projectRoot = "";
			targets = (
				AB1F1F7D1A01849600AD39C8 /* NBusy */,
				AB1F1F971A01849600AD39C8 /* NBusyTests */,
			);
		};
/* End PBXProject section */

/* Begin PBXResourcesBuildPhase section */
		AB1F1F7C1A01849600AD39C8 /* Resources */ = {
			isa = PBXResourcesBuildPhase;
			buildActionMask = 2147483647;
			files = (
				AB1F1F8E1A01849600AD39C8 /* Main.storyboard in Resources */,
				AB1F1F931A01849600AD39C8 /* LaunchScreen.xib in Resources */,
				AB1F1F901A01849600AD39C8 /* Images.xcassets in Resources */,
			);
			runOnlyForDeploymentPostprocessing = 0;
		};
		AB1F1F961A01849600AD39C8 /* Resources */ = {
			isa = PBXResourcesBuildPhase;
			buildActionMask = 2147483647;
			files = (
			);
			runOnlyForDeploymentPostprocessing = 0;
		};
/* End PBXResourcesBuildPhase section */

/* Begin PBXSourcesBuildPhase section */
		AB1F1F7A1A01849600AD39C8 /* Sources */ = {
			isa = PBXSourcesBuildPhase;
			buildActionMask = 2147483647;
			files = (
				AB1F1F841A01849600AD39C8 /* AppDelegate.swift in Sources */,
				AB1F1F871A01849600AD39C8 /* NBusy.xcdatamodeld in Sources */,
				AB1F1F891A01849600AD39C8 /* MasterViewController.swift in Sources */,
				AB1F1F8B1A01849600AD39C8 /* DetailViewController.swift in Sources */,
			);
			runOnlyForDeploymentPostprocessing = 0;
		};
		AB1F1F941A01849600AD39C8 /* Sources */ = {
			isa = PBXSourcesBuildPhase;
			buildActionMask = 2147483647;
			files = (
				AB1F1F9F1A01849600AD39C8 /* NBusyTests.swift in Sources */,
			);
			runOnlyForDeploymentPostprocessing = 0;
		};
/* End PBXSourcesBuildPhase section */

/* Begin PBXTargetDependency section */
		AB1F1F9A1A01849600AD39C8 /* PBXTargetDependency */ = {
			isa = PBXTargetDependency;
			target = AB1F1F7D1A01849600AD39C8 /* NBusy */;
			targetProxy = AB1F1F991A01849600AD39C8 /* PBXContainerItemProxy */;
		};
/* End PBXTargetDependency section */

/* Begin PBXVariantGroup section */
		AB1F1F8C1A01849600AD39C8 /* Main.storyboard */ = {
			isa = PBXVariantGroup;
			children = (
				AB1F1F8D1A01849600AD39C8 /* Base */,
			);
			name = Main.storyboard;
			sourceTree = "<group>";
		};
		AB1F1F911A01849600AD39C8 /* LaunchScreen.xib */ = {
			isa = PBXVariantGroup;
			children = (
				AB1F1F921A01849600AD39C8 /* Base */,
			);
			name = LaunchScreen.xib;
			sourceTree = "<group>";
		};
/* End PBXVariantGroup section */

/* Begin XCBuildConfiguration section */
		AB1F1FA01A01849600AD39C8 /* Debug */ = {
			isa = XCBuildConfiguration;
			buildSettings = {
				ALWAYS_SEARCH_USER_PATHS = NO;
				CLANG_CXX_LANGUAGE_STANDARD = "gnu++0x";
				CLANG_CXX_LIBRARY = "libc++";
				CLANG_ENABLE_MODULES = YES;
				CLANG_ENABLE_OBJC_ARC = YES;
				CLANG_WARN_BOOL_CONVERSION = YES;
				CLANG_WARN_CONSTANT_CONVERSION = YES;
				CLANG_WARN_DIRECT_OBJC_ISA_USAGE = YES_ERROR;
				CLANG_WARN_EMPTY_BODY = YES;
				CLANG_WARN_ENUM_CONVERSION = YES;
				CLANG_WARN_INT_CONVERSION = YES;
				CLANG_WARN_OBJC_ROOT_CLASS = YES_ERROR;
				CLANG_WARN_UNREACHABLE_CODE = YES;
				CLANG_WARN__DUPLICATE_METHOD_MATCH = YES;
				"CODE_SIGN_IDENTITY[sdk=iphoneos*]" = "iPhone Developer";
				COPY_PHASE_STRIP = NO;
				ENABLE_STRICT_OBJC_MSGSEND = YES;
				GCC_C_LANGUAGE_STANDARD = gnu99;
				GCC_DYNAMIC_NO_PIC = NO;
				GCC_OPTIMIZATION_LEVEL = 0;
				GCC_PREPROCESSOR_DEFINITIONS = (
					"DEBUG=1",
					"$(inherited)",
				);
				GCC_SYMBOLS_PRIVATE_EXTERN = NO;
				GCC_WARN_64_TO_32_BIT_CONVERSION = YES;
				GCC_WARN_ABOUT_RETURN_TYPE = YES_ERROR;
				GCC_WARN_UNDECLARED_SELECTOR = YES;
				GCC_WARN_UNINITIALIZED_AUTOS = YES_AGGRESSIVE;
				GCC_WARN_UNUSED_FUNCTION = YES;
				GCC_WARN_UNUSED_VARIABLE = YES;
				IPHONEOS_DEPLOYMENT_TARGET = 8.1;
				MTL_ENABLE_DEBUG_INFO = YES;
				ONLY_ACTIVE_ARCH = YES;
				SDKROOT = iphoneos;
				SWIFT_OPTIMIZATION_LEVEL = "-Onone";
				TARGETED_DEVICE_FAMILY = "1,2";
			};
			name = Debug;
		};
		AB1F1FA11A01849600AD39C8 /* Release */ = {
			isa = XCBuildConfiguration;
			buildSettings = {
				ALWAYS_SEARCH_USER_PATHS = NO;
				CLANG_CXX_LANGUAGE_STANDARD = "gnu++0x";
				CLANG_CXX_LIBRARY = "libc++";
				CLANG_ENABLE_MODULES = YES;
				CLANG_ENABLE_OBJC_ARC = YES;
				CLANG_WARN_BOOL_CONVERSION = YES;
				CLANG_WARN_CONSTANT_CONVERSION = YES;
				CLANG_WARN_DIRECT_OBJC_ISA_USAGE = YES_ERROR;
				CLANG_WARN_EMPTY_BODY = YES;
				CLANG_WARN_ENUM_CONVERSION = YES;
				CLANG_WARN_INT_CONVERSION = YES;
				CLANG_WARN_OBJC_ROOT_CLASS = YES_ERROR;
				CLANG_WARN_UNREACHABLE_CODE = YES;
				CLANG_WARN__DUPLICATE_METHOD_MATCH = YES;
				"CODE_SIGN_IDENTITY[sdk=iphoneos*]" = "iPhone Developer";
				COPY_PHASE_STRIP = YES;
				ENABLE_NS_ASSERTIONS = NO;
				ENABLE_STRICT_OBJC_MSGSEND = YES;
				GCC_C_LANGUAGE_STANDARD = gnu99;
				GCC_WARN_64_TO_32_BIT_CONVERSION = YES;
				GCC_WARN_ABOUT_RETURN_TYPE = YES_ERROR;
				GCC_WARN_UNDECLARED_SELECTOR = YES;
				GCC_WARN_UNINITIALIZED_AUTOS = YES_AGGRESSIVE;
				GCC_WARN_UNUSED_FUNCTION = YES;
				GCC_WARN_UNUSED_VARIABLE = YES;
				IPHONEOS_DEPLOYMENT_TARGET = 8.1;
				MTL_ENABLE_DEBUG_INFO = NO;
				SDKROOT = iphoneos;
				TARGETED_DEVICE_FAMILY = "1,2";
				VALIDATE_PRODUCT = YES;
			};
			name = Release;
		};
		AB1F1FA31A01849600AD39C8 /* Debug */ = {
			isa = XCBuildConfiguration;
			buildSettings = {
				ASSETCATALOG_COMPILER_APPICON_NAME = AppIcon;
				INFOPLIST_FILE = NBusy/Info.plist;
				LD_RUNPATH_SEARCH_PATHS = "$(inherited) @executable_path/Frameworks";
				PRODUCT_NAME = "$(TARGET_NAME)";
			};
			name = Debug;
		};
		AB1F1FA41A01849600AD39C8 /* Release */ = {
			isa = XCBuildConfiguration;
			buildSettings = {
				ASSETCATALOG_COMPILER_APPICON_NAME = AppIcon;
				INFOPLIST_FILE = NBusy/Info.plist;
				LD_RUNPATH_SEARCH_PATHS = "$(inherited) @executable_path/Frameworks";
				PRODUCT_NAME = "$(TARGET_NAME)";
			};
			name = Release;
		};
		AB1F1FA61A01849600AD39C8 /* Debug */ = {
			isa = XCBuildConfiguration;
			buildSettings = {
				BUNDLE_LOADER = "$(TEST_HOST)";
				FRAMEWORK_SEARCH_PATHS = (
					"$(SDKROOT)/Developer/Library/Frameworks",
					"$(inherited)",
				);
				GCC_PREPROCESSOR_DEFINITIONS = (
					"DEBUG=1",
					"$(inherited)",
				);
				INFOPLIST_FILE = NBusyTests/Info.plist;
				LD_RUNPATH_SEARCH_PATHS = "$(inherited) @executable_path/Frameworks @loader_path/Frameworks";
				PRODUCT_NAME = "$(TARGET_NAME)";
				TEST_HOST = "$(BUILT_PRODUCTS_DIR)/NBusy.app/NBusy";
			};
			name = Debug;
		};
		AB1F1FA71A01849600AD39C8 /* Release */ = {
			isa = XCBuildConfiguration;
			buildSettings = {
				BUNDLE_LOADER = "$(TEST_HOST)";
				FRAMEWORK_SEARCH_PATHS = (
					"$(SDKROOT)/Developer/Library/Frameworks",
					"$(inherited)",
				);
				INFOPLIST_FILE = NBusyTests/Info.plist;
				LD_RUNPATH_SEARCH_PATHS = "$(inherited) @executable_path/Frameworks @loader_path/Frameworks";
				PRODUCT_NAME = "$(TARGET_NAME)";
				TEST_HOST = "$(BUILT_PRODUCTS_DIR)/NBusy.app/NBusy";
			};
			name = Release;
		};
/* End XCBuildConfiguration section */

/* Begin XCConfigurationList section */
		AB1F1F791A01849600AD39C8 /* Build configuration list for PBXProject "NBusy" */ = {
			isa = XCConfigurationList;
			buildConfigurations = (
				AB1F1FA01A01849600AD39C8 /* Debug */,
				AB1F1FA11A01849600AD39C8 /* Release */,
			);
			defaultConfigurationIsVisible = 0;
			defaultConfigurationName = Release;
		};
		AB1F1FA21A01849600AD39C8 /* Build configuration list for PBXNativeTarget "NBusy" */ = {
			isa = XCConfigurationList;
			buildConfigurations = (
				AB1F1FA31A01849600AD39C8 /* Debug */,
				AB1F1FA41A01849600AD39C8 /* Release */,
			);
			defaultConfigurationIsVisible = 0;
		};
		AB1F1FA51A01849600AD39C8 /* Build configuration list for PBXNativeTarget "NBusyTests" */ = {
			isa = XCConfigurationList;
			buildConfigurations = (
				AB1F1FA61A01849600AD39C8 /* Debug */,
				AB1F1FA71A01849600AD39C8 /* Release */,
			);
			defaultConfigurationIsVisible = 0;
		};
/* End XCConfigurationList section */

/* Begin XCVersionGroup section */
		AB1F1F851A01849600AD39C8 /* NBusy.xcdatamodeld */ = {
			isa = XCVersionGroup;
			children = (
				AB1F1F861A01849600AD39C8 /* NBusy.xcdatamodel */,
			);
			currentVersion = AB1F1F861A01849600AD39C8 /* NBusy.xcdatamodel */;
			path = NBusy.xcdatamodeld;
			sourceTree = "<group>";
			versionGroupType = wrapper.xcdatamodel;
		};
/* End XCVersionGroup section */
	};
	rootObject = AB1F1F761A01849600AD39C8 /* Project object */;
}
