// !$*UTF8*$!
{
	archiveVersion = 1;
	classes = {
	};
	objectVersion = 46;
	objects = {

/* Begin PBXBuildFile section */
		ABE63CEB1B75319100195FDF /* AppDelegate.swift in Sources */ = {isa = PBXBuildFile; fileRef = ABE63CEA1B75319100195FDF /* AppDelegate.swift */; };
		ABE63CEE1B75319100195FDF /* NBusy.xcdatamodeld in Sources */ = {isa = PBXBuildFile; fileRef = ABE63CEC1B75319100195FDF /* NBusy.xcdatamodeld */; };
		ABE63CF01B75319100195FDF /* MasterViewController.swift in Sources */ = {isa = PBXBuildFile; fileRef = ABE63CEF1B75319100195FDF /* MasterViewController.swift */; };
		ABE63CF21B75319100195FDF /* DetailViewController.swift in Sources */ = {isa = PBXBuildFile; fileRef = ABE63CF11B75319100195FDF /* DetailViewController.swift */; };
		ABE63CF51B75319100195FDF /* Main.storyboard in Resources */ = {isa = PBXBuildFile; fileRef = ABE63CF31B75319100195FDF /* Main.storyboard */; };
		ABE63CF71B75319100195FDF /* Images.xcassets in Resources */ = {isa = PBXBuildFile; fileRef = ABE63CF61B75319100195FDF /* Images.xcassets */; };
		ABE63CFA1B75319100195FDF /* LaunchScreen.xib in Resources */ = {isa = PBXBuildFile; fileRef = ABE63CF81B75319100195FDF /* LaunchScreen.xib */; };
		ABE63D061B75319100195FDF /* NBusyTests.swift in Sources */ = {isa = PBXBuildFile; fileRef = ABE63D051B75319100195FDF /* NBusyTests.swift */; };
/* End PBXBuildFile section */

/* Begin PBXContainerItemProxy section */
		ABE63D001B75319100195FDF /* PBXContainerItemProxy */ = {
			isa = PBXContainerItemProxy;
			containerPortal = ABE63CDD1B75319000195FDF /* Project object */;
			proxyType = 1;
			remoteGlobalIDString = ABE63CE41B75319000195FDF;
			remoteInfo = NBusy;
		};
/* End PBXContainerItemProxy section */

/* Begin PBXFileReference section */
		ABE63CE51B75319000195FDF /* NBusy.app */ = {isa = PBXFileReference; explicitFileType = wrapper.application; includeInIndex = 0; path = NBusy.app; sourceTree = BUILT_PRODUCTS_DIR; };
		ABE63CE91B75319000195FDF /* Info.plist */ = {isa = PBXFileReference; lastKnownFileType = text.plist.xml; path = Info.plist; sourceTree = "<group>"; };
		ABE63CEA1B75319100195FDF /* AppDelegate.swift */ = {isa = PBXFileReference; lastKnownFileType = sourcecode.swift; path = AppDelegate.swift; sourceTree = "<group>"; };
		ABE63CED1B75319100195FDF /* NBusy.xcdatamodel */ = {isa = PBXFileReference; lastKnownFileType = wrapper.xcdatamodel; path = NBusy.xcdatamodel; sourceTree = "<group>"; };
		ABE63CEF1B75319100195FDF /* MasterViewController.swift */ = {isa = PBXFileReference; lastKnownFileType = sourcecode.swift; path = MasterViewController.swift; sourceTree = "<group>"; };
		ABE63CF11B75319100195FDF /* DetailViewController.swift */ = {isa = PBXFileReference; lastKnownFileType = sourcecode.swift; path = DetailViewController.swift; sourceTree = "<group>"; };
		ABE63CF41B75319100195FDF /* Base */ = {isa = PBXFileReference; lastKnownFileType = file.storyboard; name = Base; path = Base.lproj/Main.storyboard; sourceTree = "<group>"; };
		ABE63CF61B75319100195FDF /* Images.xcassets */ = {isa = PBXFileReference; lastKnownFileType = folder.assetcatalog; path = Images.xcassets; sourceTree = "<group>"; };
		ABE63CF91B75319100195FDF /* Base */ = {isa = PBXFileReference; lastKnownFileType = file.xib; name = Base; path = Base.lproj/LaunchScreen.xib; sourceTree = "<group>"; };
		ABE63CFF1B75319100195FDF /* NBusyTests.xctest */ = {isa = PBXFileReference; explicitFileType = wrapper.cfbundle; includeInIndex = 0; path = NBusyTests.xctest; sourceTree = BUILT_PRODUCTS_DIR; };
		ABE63D041B75319100195FDF /* Info.plist */ = {isa = PBXFileReference; lastKnownFileType = text.plist.xml; path = Info.plist; sourceTree = "<group>"; };
		ABE63D051B75319100195FDF /* NBusyTests.swift */ = {isa = PBXFileReference; lastKnownFileType = sourcecode.swift; path = NBusyTests.swift; sourceTree = "<group>"; };
/* End PBXFileReference section */

/* Begin PBXFrameworksBuildPhase section */
		ABE63CE21B75319000195FDF /* Frameworks */ = {
			isa = PBXFrameworksBuildPhase;
			buildActionMask = 2147483647;
			files = (
			);
			runOnlyForDeploymentPostprocessing = 0;
		};
		ABE63CFC1B75319100195FDF /* Frameworks */ = {
			isa = PBXFrameworksBuildPhase;
			buildActionMask = 2147483647;
			files = (
			);
			runOnlyForDeploymentPostprocessing = 0;
		};
/* End PBXFrameworksBuildPhase section */

/* Begin PBXGroup section */
		ABE63CDC1B75319000195FDF = {
			isa = PBXGroup;
			children = (
				ABE63CE71B75319000195FDF /* NBusy */,
				ABE63D021B75319100195FDF /* NBusyTests */,
				ABE63CE61B75319000195FDF /* Products */,
			);
			sourceTree = "<group>";
		};
		ABE63CE61B75319000195FDF /* Products */ = {
			isa = PBXGroup;
			children = (
				ABE63CE51B75319000195FDF /* NBusy.app */,
				ABE63CFF1B75319100195FDF /* NBusyTests.xctest */,
			);
			name = Products;
			sourceTree = "<group>";
		};
		ABE63CE71B75319000195FDF /* NBusy */ = {
			isa = PBXGroup;
			children = (
				ABE63CEA1B75319100195FDF /* AppDelegate.swift */,
				ABE63CEF1B75319100195FDF /* MasterViewController.swift */,
				ABE63CF11B75319100195FDF /* DetailViewController.swift */,
				ABE63CF31B75319100195FDF /* Main.storyboard */,
				ABE63CF61B75319100195FDF /* Images.xcassets */,
				ABE63CF81B75319100195FDF /* LaunchScreen.xib */,
				ABE63CEC1B75319100195FDF /* NBusy.xcdatamodeld */,
				ABE63CE81B75319000195FDF /* Supporting Files */,
			);
			path = NBusy;
			sourceTree = "<group>";
		};
		ABE63CE81B75319000195FDF /* Supporting Files */ = {
			isa = PBXGroup;
			children = (
				ABE63CE91B75319000195FDF /* Info.plist */,
			);
			name = "Supporting Files";
			sourceTree = "<group>";
		};
		ABE63D021B75319100195FDF /* NBusyTests */ = {
			isa = PBXGroup;
			children = (
				ABE63D051B75319100195FDF /* NBusyTests.swift */,
				ABE63D031B75319100195FDF /* Supporting Files */,
			);
			path = NBusyTests;
			sourceTree = "<group>";
		};
		ABE63D031B75319100195FDF /* Supporting Files */ = {
			isa = PBXGroup;
			children = (
				ABE63D041B75319100195FDF /* Info.plist */,
			);
			name = "Supporting Files";
			sourceTree = "<group>";
		};
/* End PBXGroup section */

/* Begin PBXNativeTarget section */
		ABE63CE41B75319000195FDF /* NBusy */ = {
			isa = PBXNativeTarget;
			buildConfigurationList = ABE63D091B75319100195FDF /* Build configuration list for PBXNativeTarget "NBusy" */;
			buildPhases = (
				ABE63CE11B75319000195FDF /* Sources */,
				ABE63CE21B75319000195FDF /* Frameworks */,
				ABE63CE31B75319000195FDF /* Resources */,
			);
			buildRules = (
			);
			dependencies = (
			);
			name = NBusy;
			productName = NBusy;
			productReference = ABE63CE51B75319000195FDF /* NBusy.app */;
			productType = "com.apple.product-type.application";
		};
		ABE63CFE1B75319100195FDF /* NBusyTests */ = {
			isa = PBXNativeTarget;
			buildConfigurationList = ABE63D0C1B75319100195FDF /* Build configuration list for PBXNativeTarget "NBusyTests" */;
			buildPhases = (
				ABE63CFB1B75319100195FDF /* Sources */,
				ABE63CFC1B75319100195FDF /* Frameworks */,
				ABE63CFD1B75319100195FDF /* Resources */,
			);
			buildRules = (
			);
			dependencies = (
				ABE63D011B75319100195FDF /* PBXTargetDependency */,
			);
			name = NBusyTests;
			productName = NBusyTests;
			productReference = ABE63CFF1B75319100195FDF /* NBusyTests.xctest */;
			productType = "com.apple.product-type.bundle.unit-test";
		};
/* End PBXNativeTarget section */

/* Begin PBXProject section */
		ABE63CDD1B75319000195FDF /* Project object */ = {
			isa = PBXProject;
			attributes = {
				LastUpgradeCheck = 0640;
				ORGANIZATIONNAME = NBusy;
				TargetAttributes = {
					ABE63CE41B75319000195FDF = {
						CreatedOnToolsVersion = 6.4;
					};
					ABE63CFE1B75319100195FDF = {
						CreatedOnToolsVersion = 6.4;
						TestTargetID = ABE63CE41B75319000195FDF;
					};
				};
			};
			buildConfigurationList = ABE63CE01B75319000195FDF /* Build configuration list for PBXProject "NBusy" */;
			compatibilityVersion = "Xcode 3.2";
			developmentRegion = English;
			hasScannedForEncodings = 0;
			knownRegions = (
				en,
				Base,
			);
			mainGroup = ABE63CDC1B75319000195FDF;
			productRefGroup = ABE63CE61B75319000195FDF /* Products */;
			projectDirPath = "";
			projectRoot = "";
			targets = (
				ABE63CE41B75319000195FDF /* NBusy */,
				ABE63CFE1B75319100195FDF /* NBusyTests */,
			);
		};
/* End PBXProject section */

/* Begin PBXResourcesBuildPhase section */
		ABE63CE31B75319000195FDF /* Resources */ = {
			isa = PBXResourcesBuildPhase;
			buildActionMask = 2147483647;
			files = (
				ABE63CF51B75319100195FDF /* Main.storyboard in Resources */,
				ABE63CFA1B75319100195FDF /* LaunchScreen.xib in Resources */,
				ABE63CF71B75319100195FDF /* Images.xcassets in Resources */,
			);
			runOnlyForDeploymentPostprocessing = 0;
		};
		ABE63CFD1B75319100195FDF /* Resources */ = {
			isa = PBXResourcesBuildPhase;
			buildActionMask = 2147483647;
			files = (
			);
			runOnlyForDeploymentPostprocessing = 0;
		};
/* End PBXResourcesBuildPhase section */

/* Begin PBXSourcesBuildPhase section */
		ABE63CE11B75319000195FDF /* Sources */ = {
			isa = PBXSourcesBuildPhase;
			buildActionMask = 2147483647;
			files = (
				ABE63CEB1B75319100195FDF /* AppDelegate.swift in Sources */,
				ABE63CEE1B75319100195FDF /* NBusy.xcdatamodeld in Sources */,
				ABE63CF01B75319100195FDF /* MasterViewController.swift in Sources */,
				ABE63CF21B75319100195FDF /* DetailViewController.swift in Sources */,
			);
			runOnlyForDeploymentPostprocessing = 0;
		};
		ABE63CFB1B75319100195FDF /* Sources */ = {
			isa = PBXSourcesBuildPhase;
			buildActionMask = 2147483647;
			files = (
				ABE63D061B75319100195FDF /* NBusyTests.swift in Sources */,
			);
			runOnlyForDeploymentPostprocessing = 0;
		};
/* End PBXSourcesBuildPhase section */

/* Begin PBXTargetDependency section */
		ABE63D011B75319100195FDF /* PBXTargetDependency */ = {
			isa = PBXTargetDependency;
			target = ABE63CE41B75319000195FDF /* NBusy */;
			targetProxy = ABE63D001B75319100195FDF /* PBXContainerItemProxy */;
		};
/* End PBXTargetDependency section */

/* Begin PBXVariantGroup section */
		ABE63CF31B75319100195FDF /* Main.storyboard */ = {
			isa = PBXVariantGroup;
			children = (
				ABE63CF41B75319100195FDF /* Base */,
			);
			name = Main.storyboard;
			sourceTree = "<group>";
		};
		ABE63CF81B75319100195FDF /* LaunchScreen.xib */ = {
			isa = PBXVariantGroup;
			children = (
				ABE63CF91B75319100195FDF /* Base */,
			);
			name = LaunchScreen.xib;
			sourceTree = "<group>";
		};
/* End PBXVariantGroup section */

/* Begin XCBuildConfiguration section */
		ABE63D071B75319100195FDF /* Debug */ = {
			isa = XCBuildConfiguration;
			buildSettings = {
				ALWAYS_SEARCH_USER_PATHS = NO;
				CLANG_CXX_LANGUAGE_STANDARD = "gnu++0x";
				CLANG_CXX_LIBRARY = "libc++";
				CLANG_ENABLE_MODULES = YES;
				CLANG_ENABLE_OBJC_ARC = YES;
				CLANG_WARN_BOOL_CONVERSION = YES;
				CLANG_WARN_CONSTANT_CONVERSION = YES;
				CLANG_WARN_DIRECT_OBJC_ISA_USAGE = YES_ERROR;
				CLANG_WARN_EMPTY_BODY = YES;
				CLANG_WARN_ENUM_CONVERSION = YES;
				CLANG_WARN_INT_CONVERSION = YES;
				CLANG_WARN_OBJC_ROOT_CLASS = YES_ERROR;
				CLANG_WARN_UNREACHABLE_CODE = YES;
				CLANG_WARN__DUPLICATE_METHOD_MATCH = YES;
				"CODE_SIGN_IDENTITY[sdk=iphoneos*]" = "iPhone Developer";
				COPY_PHASE_STRIP = NO;
				DEBUG_INFORMATION_FORMAT = "dwarf-with-dsym";
				ENABLE_STRICT_OBJC_MSGSEND = YES;
				GCC_C_LANGUAGE_STANDARD = gnu99;
				GCC_DYNAMIC_NO_PIC = NO;
				GCC_NO_COMMON_BLOCKS = YES;
				GCC_OPTIMIZATION_LEVEL = 0;
				GCC_PREPROCESSOR_DEFINITIONS = (
					"DEBUG=1",
					"$(inherited)",
				);
				GCC_SYMBOLS_PRIVATE_EXTERN = NO;
				GCC_WARN_64_TO_32_BIT_CONVERSION = YES;
				GCC_WARN_ABOUT_RETURN_TYPE = YES_ERROR;
				GCC_WARN_UNDECLARED_SELECTOR = YES;
				GCC_WARN_UNINITIALIZED_AUTOS = YES_AGGRESSIVE;
				GCC_WARN_UNUSED_FUNCTION = YES;
				GCC_WARN_UNUSED_VARIABLE = YES;
				IPHONEOS_DEPLOYMENT_TARGET = 8.4;
				MTL_ENABLE_DEBUG_INFO = YES;
				ONLY_ACTIVE_ARCH = YES;
				SDKROOT = iphoneos;
				SWIFT_OPTIMIZATION_LEVEL = "-Onone";
				TARGETED_DEVICE_FAMILY = "1,2";
			};
			name = Debug;
		};
		ABE63D081B75319100195FDF /* Release */ = {
			isa = XCBuildConfiguration;
			buildSettings = {
				ALWAYS_SEARCH_USER_PATHS = NO;
				CLANG_CXX_LANGUAGE_STANDARD = "gnu++0x";
				CLANG_CXX_LIBRARY = "libc++";
				CLANG_ENABLE_MODULES = YES;
				CLANG_ENABLE_OBJC_ARC = YES;
				CLANG_WARN_BOOL_CONVERSION = YES;
				CLANG_WARN_CONSTANT_CONVERSION = YES;
				CLANG_WARN_DIRECT_OBJC_ISA_USAGE = YES_ERROR;
				CLANG_WARN_EMPTY_BODY = YES;
				CLANG_WARN_ENUM_CONVERSION = YES;
				CLANG_WARN_INT_CONVERSION = YES;
				CLANG_WARN_OBJC_ROOT_CLASS = YES_ERROR;
				CLANG_WARN_UNREACHABLE_CODE = YES;
				CLANG_WARN__DUPLICATE_METHOD_MATCH = YES;
				"CODE_SIGN_IDENTITY[sdk=iphoneos*]" = "iPhone Developer";
				COPY_PHASE_STRIP = NO;
				DEBUG_INFORMATION_FORMAT = "dwarf-with-dsym";
				ENABLE_NS_ASSERTIONS = NO;
				ENABLE_STRICT_OBJC_MSGSEND = YES;
				GCC_C_LANGUAGE_STANDARD = gnu99;
				GCC_NO_COMMON_BLOCKS = YES;
				GCC_WARN_64_TO_32_BIT_CONVERSION = YES;
				GCC_WARN_ABOUT_RETURN_TYPE = YES_ERROR;
				GCC_WARN_UNDECLARED_SELECTOR = YES;
				GCC_WARN_UNINITIALIZED_AUTOS = YES_AGGRESSIVE;
				GCC_WARN_UNUSED_FUNCTION = YES;
				GCC_WARN_UNUSED_VARIABLE = YES;
				IPHONEOS_DEPLOYMENT_TARGET = 8.4;
				MTL_ENABLE_DEBUG_INFO = NO;
				SDKROOT = iphoneos;
				TARGETED_DEVICE_FAMILY = "1,2";
				VALIDATE_PRODUCT = YES;
			};
			name = Release;
		};
		ABE63D0A1B75319100195FDF /* Debug */ = {
			isa = XCBuildConfiguration;
			buildSettings = {
				ASSETCATALOG_COMPILER_APPICON_NAME = AppIcon;
				INFOPLIST_FILE = NBusy/Info.plist;
				LD_RUNPATH_SEARCH_PATHS = "$(inherited) @executable_path/Frameworks";
				PRODUCT_NAME = "$(TARGET_NAME)";
			};
			name = Debug;
		};
		ABE63D0B1B75319100195FDF /* Release */ = {
			isa = XCBuildConfiguration;
			buildSettings = {
				ASSETCATALOG_COMPILER_APPICON_NAME = AppIcon;
				INFOPLIST_FILE = NBusy/Info.plist;
				LD_RUNPATH_SEARCH_PATHS = "$(inherited) @executable_path/Frameworks";
				PRODUCT_NAME = "$(TARGET_NAME)";
			};
			name = Release;
		};
		ABE63D0D1B75319100195FDF /* Debug */ = {
			isa = XCBuildConfiguration;
			buildSettings = {
				BUNDLE_LOADER = "$(TEST_HOST)";
				FRAMEWORK_SEARCH_PATHS = (
					"$(SDKROOT)/Developer/Library/Frameworks",
					"$(inherited)",
				);
				GCC_PREPROCESSOR_DEFINITIONS = (
					"DEBUG=1",
					"$(inherited)",
				);
				INFOPLIST_FILE = NBusyTests/Info.plist;
				LD_RUNPATH_SEARCH_PATHS = "$(inherited) @executable_path/Frameworks @loader_path/Frameworks";
				PRODUCT_NAME = "$(TARGET_NAME)";
				TEST_HOST = "$(BUILT_PRODUCTS_DIR)/NBusy.app/NBusy";
			};
			name = Debug;
		};
		ABE63D0E1B75319100195FDF /* Release */ = {
			isa = XCBuildConfiguration;
			buildSettings = {
				BUNDLE_LOADER = "$(TEST_HOST)";
				FRAMEWORK_SEARCH_PATHS = (
					"$(SDKROOT)/Developer/Library/Frameworks",
					"$(inherited)",
				);
				INFOPLIST_FILE = NBusyTests/Info.plist;
				LD_RUNPATH_SEARCH_PATHS = "$(inherited) @executable_path/Frameworks @loader_path/Frameworks";
				PRODUCT_NAME = "$(TARGET_NAME)";
				TEST_HOST = "$(BUILT_PRODUCTS_DIR)/NBusy.app/NBusy";
			};
			name = Release;
		};
/* End XCBuildConfiguration section */

/* Begin XCConfigurationList section */
		ABE63CE01B75319000195FDF /* Build configuration list for PBXProject "NBusy" */ = {
			isa = XCConfigurationList;
			buildConfigurations = (
				ABE63D071B75319100195FDF /* Debug */,
				ABE63D081B75319100195FDF /* Release */,
			);
			defaultConfigurationIsVisible = 0;
			defaultConfigurationName = Release;
		};
		ABE63D091B75319100195FDF /* Build configuration list for PBXNativeTarget "NBusy" */ = {
			isa = XCConfigurationList;
			buildConfigurations = (
				ABE63D0A1B75319100195FDF /* Debug */,
				ABE63D0B1B75319100195FDF /* Release */,
			);
			defaultConfigurationIsVisible = 0;
		};
		ABE63D0C1B75319100195FDF /* Build configuration list for PBXNativeTarget "NBusyTests" */ = {
			isa = XCConfigurationList;
			buildConfigurations = (
				ABE63D0D1B75319100195FDF /* Debug */,
				ABE63D0E1B75319100195FDF /* Release */,
			);
			defaultConfigurationIsVisible = 0;
		};
/* End XCConfigurationList section */

/* Begin XCVersionGroup section */
		ABE63CEC1B75319100195FDF /* NBusy.xcdatamodeld */ = {
			isa = XCVersionGroup;
			children = (
				ABE63CED1B75319100195FDF /* NBusy.xcdatamodel */,
			);
			currentVersion = ABE63CED1B75319100195FDF /* NBusy.xcdatamodel */;
			path = NBusy.xcdatamodeld;
			sourceTree = "<group>";
			versionGroupType = wrapper.xcdatamodel;
		};
/* End XCVersionGroup section */
	};
	rootObject = ABE63CDD1B75319000195FDF /* Project object */;
}
