// !$*UTF8*$!
{
	archiveVersion = 1;
	classes = {
	};
	objectVersion = 46;
	objects = {

/* Begin PBXBuildFile section */
		AB74036C1BAB14EF0068F162 /* AppDelegate.swift in Sources */ = {isa = PBXBuildFile; fileRef = AB74036B1BAB14EF0068F162 /* AppDelegate.swift */; };
		AB74036F1BAB14EF0068F162 /* NBusy.xcdatamodeld in Sources */ = {isa = PBXBuildFile; fileRef = AB74036D1BAB14EF0068F162 /* NBusy.xcdatamodeld */; };
		AB7403711BAB14EF0068F162 /* MasterViewController.swift in Sources */ = {isa = PBXBuildFile; fileRef = AB7403701BAB14EF0068F162 /* MasterViewController.swift */; };
		AB7403731BAB14EF0068F162 /* DetailViewController.swift in Sources */ = {isa = PBXBuildFile; fileRef = AB7403721BAB14EF0068F162 /* DetailViewController.swift */; };
		AB7403761BAB14EF0068F162 /* Main.storyboard in Resources */ = {isa = PBXBuildFile; fileRef = AB7403741BAB14EF0068F162 /* Main.storyboard */; };
		AB7403781BAB14EF0068F162 /* Assets.xcassets in Resources */ = {isa = PBXBuildFile; fileRef = AB7403771BAB14EF0068F162 /* Assets.xcassets */; };
		AB74037B1BAB14EF0068F162 /* LaunchScreen.storyboard in Resources */ = {isa = PBXBuildFile; fileRef = AB7403791BAB14EF0068F162 /* LaunchScreen.storyboard */; };
		AB7403861BAB14F00068F162 /* NBusyTests.swift in Sources */ = {isa = PBXBuildFile; fileRef = AB7403851BAB14F00068F162 /* NBusyTests.swift */; };
		AB7403911BAB14F00068F162 /* NBusyUITests.swift in Sources */ = {isa = PBXBuildFile; fileRef = AB7403901BAB14F00068F162 /* NBusyUITests.swift */; };
		AB8B47E21BC402CF00783239 /* ChatControl.swift in Sources */ = {isa = PBXBuildFile; fileRef = AB8B47E11BC402CF00783239 /* ChatControl.swift */; settings = {ASSET_TAGS = (); }; };
/* End PBXBuildFile section */

/* Begin PBXContainerItemProxy section */
		AB7403821BAB14F00068F162 /* PBXContainerItemProxy */ = {
			isa = PBXContainerItemProxy;
			containerPortal = AB7403601BAB14EF0068F162 /* Project object */;
			proxyType = 1;
			remoteGlobalIDString = AB7403671BAB14EF0068F162;
			remoteInfo = NBusy;
		};
		AB74038D1BAB14F00068F162 /* PBXContainerItemProxy */ = {
			isa = PBXContainerItemProxy;
			containerPortal = AB7403601BAB14EF0068F162 /* Project object */;
			proxyType = 1;
			remoteGlobalIDString = AB7403671BAB14EF0068F162;
			remoteInfo = NBusy;
		};
/* End PBXContainerItemProxy section */

/* Begin PBXFileReference section */
		AB7403681BAB14EF0068F162 /* NBusy.app */ = {isa = PBXFileReference; explicitFileType = wrapper.application; includeInIndex = 0; path = NBusy.app; sourceTree = BUILT_PRODUCTS_DIR; };
		AB74036B1BAB14EF0068F162 /* AppDelegate.swift */ = {isa = PBXFileReference; lastKnownFileType = sourcecode.swift; path = AppDelegate.swift; sourceTree = "<group>"; };
		AB74036E1BAB14EF0068F162 /* NBusy.xcdatamodel */ = {isa = PBXFileReference; lastKnownFileType = wrapper.xcdatamodel; path = NBusy.xcdatamodel; sourceTree = "<group>"; };
		AB7403701BAB14EF0068F162 /* MasterViewController.swift */ = {isa = PBXFileReference; lastKnownFileType = sourcecode.swift; path = MasterViewController.swift; sourceTree = "<group>"; };
		AB7403721BAB14EF0068F162 /* DetailViewController.swift */ = {isa = PBXFileReference; lastKnownFileType = sourcecode.swift; path = DetailViewController.swift; sourceTree = "<group>"; };
		AB7403751BAB14EF0068F162 /* Base */ = {isa = PBXFileReference; lastKnownFileType = file.storyboard; name = Base; path = Base.lproj/Main.storyboard; sourceTree = "<group>"; };
		AB7403771BAB14EF0068F162 /* Assets.xcassets */ = {isa = PBXFileReference; lastKnownFileType = folder.assetcatalog; path = Assets.xcassets; sourceTree = "<group>"; };
		AB74037A1BAB14EF0068F162 /* Base */ = {isa = PBXFileReference; lastKnownFileType = file.storyboard; name = Base; path = Base.lproj/LaunchScreen.storyboard; sourceTree = "<group>"; };
		AB74037C1BAB14EF0068F162 /* Info.plist */ = {isa = PBXFileReference; lastKnownFileType = text.plist.xml; path = Info.plist; sourceTree = "<group>"; };
		AB7403811BAB14F00068F162 /* NBusyTests.xctest */ = {isa = PBXFileReference; explicitFileType = wrapper.cfbundle; includeInIndex = 0; path = NBusyTests.xctest; sourceTree = BUILT_PRODUCTS_DIR; };
		AB7403851BAB14F00068F162 /* NBusyTests.swift */ = {isa = PBXFileReference; lastKnownFileType = sourcecode.swift; path = NBusyTests.swift; sourceTree = "<group>"; };
		AB7403871BAB14F00068F162 /* Info.plist */ = {isa = PBXFileReference; lastKnownFileType = text.plist.xml; path = Info.plist; sourceTree = "<group>"; };
		AB74038C1BAB14F00068F162 /* NBusyUITests.xctest */ = {isa = PBXFileReference; explicitFileType = wrapper.cfbundle; includeInIndex = 0; path = NBusyUITests.xctest; sourceTree = BUILT_PRODUCTS_DIR; };
		AB7403901BAB14F00068F162 /* NBusyUITests.swift */ = {isa = PBXFileReference; lastKnownFileType = sourcecode.swift; path = NBusyUITests.swift; sourceTree = "<group>"; };
		AB7403921BAB14F00068F162 /* Info.plist */ = {isa = PBXFileReference; lastKnownFileType = text.plist.xml; path = Info.plist; sourceTree = "<group>"; };
		AB8B47E11BC402CF00783239 /* ChatControl.swift */ = {isa = PBXFileReference; fileEncoding = 4; lastKnownFileType = sourcecode.swift; path = ChatControl.swift; sourceTree = "<group>"; };
/* End PBXFileReference section */

/* Begin PBXFrameworksBuildPhase section */
		AB7403651BAB14EF0068F162 /* Frameworks */ = {
			isa = PBXFrameworksBuildPhase;
			buildActionMask = 2147483647;
			files = (
			);
			runOnlyForDeploymentPostprocessing = 0;
		};
		AB74037E1BAB14F00068F162 /* Frameworks */ = {
			isa = PBXFrameworksBuildPhase;
			buildActionMask = 2147483647;
			files = (
			);
			runOnlyForDeploymentPostprocessing = 0;
		};
		AB7403891BAB14F00068F162 /* Frameworks */ = {
			isa = PBXFrameworksBuildPhase;
			buildActionMask = 2147483647;
			files = (
			);
			runOnlyForDeploymentPostprocessing = 0;
		};
/* End PBXFrameworksBuildPhase section */

/* Begin PBXGroup section */
		AB74035F1BAB14EF0068F162 = {
			isa = PBXGroup;
			children = (
				AB74036A1BAB14EF0068F162 /* NBusy */,
				AB7403841BAB14F00068F162 /* NBusyTests */,
				AB74038F1BAB14F00068F162 /* NBusyUITests */,
				AB7403691BAB14EF0068F162 /* Products */,
			);
			sourceTree = "<group>";
		};
		AB7403691BAB14EF0068F162 /* Products */ = {
			isa = PBXGroup;
			children = (
				AB7403681BAB14EF0068F162 /* NBusy.app */,
				AB7403811BAB14F00068F162 /* NBusyTests.xctest */,
				AB74038C1BAB14F00068F162 /* NBusyUITests.xctest */,
			);
			name = Products;
			sourceTree = "<group>";
		};
		AB74036A1BAB14EF0068F162 /* NBusy */ = {
			isa = PBXGroup;
			children = (
				AB74036B1BAB14EF0068F162 /* AppDelegate.swift */,
				AB8B47E11BC402CF00783239 /* ChatControl.swift */,
				AB7403701BAB14EF0068F162 /* MasterViewController.swift */,
				AB7403721BAB14EF0068F162 /* DetailViewController.swift */,
				AB7403741BAB14EF0068F162 /* Main.storyboard */,
				AB7403771BAB14EF0068F162 /* Assets.xcassets */,
				AB7403791BAB14EF0068F162 /* LaunchScreen.storyboard */,
				AB74037C1BAB14EF0068F162 /* Info.plist */,
				AB74036D1BAB14EF0068F162 /* NBusy.xcdatamodeld */,
			);
			path = NBusy;
			sourceTree = "<group>";
		};
		AB7403841BAB14F00068F162 /* NBusyTests */ = {
			isa = PBXGroup;
			children = (
				AB7403851BAB14F00068F162 /* NBusyTests.swift */,
				AB7403871BAB14F00068F162 /* Info.plist */,
			);
			path = NBusyTests;
			sourceTree = "<group>";
		};
		AB74038F1BAB14F00068F162 /* NBusyUITests */ = {
			isa = PBXGroup;
			children = (
				AB7403901BAB14F00068F162 /* NBusyUITests.swift */,
				AB7403921BAB14F00068F162 /* Info.plist */,
			);
			path = NBusyUITests;
			sourceTree = "<group>";
		};
/* End PBXGroup section */

/* Begin PBXNativeTarget section */
		AB7403671BAB14EF0068F162 /* NBusy */ = {
			isa = PBXNativeTarget;
			buildConfigurationList = AB7403951BAB14F00068F162 /* Build configuration list for PBXNativeTarget "NBusy" */;
			buildPhases = (
				AB7403641BAB14EF0068F162 /* Sources */,
				AB7403651BAB14EF0068F162 /* Frameworks */,
				AB7403661BAB14EF0068F162 /* Resources */,
			);
			buildRules = (
			);
			dependencies = (
			);
			name = NBusy;
			productName = NBusy;
			productReference = AB7403681BAB14EF0068F162 /* NBusy.app */;
			productType = "com.apple.product-type.application";
		};
		AB7403801BAB14F00068F162 /* NBusyTests */ = {
			isa = PBXNativeTarget;
			buildConfigurationList = AB7403981BAB14F00068F162 /* Build configuration list for PBXNativeTarget "NBusyTests" */;
			buildPhases = (
				AB74037D1BAB14F00068F162 /* Sources */,
				AB74037E1BAB14F00068F162 /* Frameworks */,
				AB74037F1BAB14F00068F162 /* Resources */,
			);
			buildRules = (
			);
			dependencies = (
				AB7403831BAB14F00068F162 /* PBXTargetDependency */,
			);
			name = NBusyTests;
			productName = NBusyTests;
			productReference = AB7403811BAB14F00068F162 /* NBusyTests.xctest */;
			productType = "com.apple.product-type.bundle.unit-test";
		};
		AB74038B1BAB14F00068F162 /* NBusyUITests */ = {
			isa = PBXNativeTarget;
			buildConfigurationList = AB74039B1BAB14F00068F162 /* Build configuration list for PBXNativeTarget "NBusyUITests" */;
			buildPhases = (
				AB7403881BAB14F00068F162 /* Sources */,
				AB7403891BAB14F00068F162 /* Frameworks */,
				AB74038A1BAB14F00068F162 /* Resources */,
			);
			buildRules = (
			);
			dependencies = (
				AB74038E1BAB14F00068F162 /* PBXTargetDependency */,
			);
			name = NBusyUITests;
			productName = NBusyUITests;
			productReference = AB74038C1BAB14F00068F162 /* NBusyUITests.xctest */;
			productType = "com.apple.product-type.bundle.ui-testing";
		};
/* End PBXNativeTarget section */

/* Begin PBXProject section */
		AB7403601BAB14EF0068F162 /* Project object */ = {
			isa = PBXProject;
			attributes = {
				LastUpgradeCheck = 0700;
				ORGANIZATIONNAME = NBusy;
				TargetAttributes = {
					AB7403671BAB14EF0068F162 = {
						CreatedOnToolsVersion = 7.0;
						DevelopmentTeam = 4BM96QD7BS;
					};
					AB7403801BAB14F00068F162 = {
						CreatedOnToolsVersion = 7.0;
						DevelopmentTeam = 4BM96QD7BS;
						TestTargetID = AB7403671BAB14EF0068F162;
					};
					AB74038B1BAB14F00068F162 = {
						CreatedOnToolsVersion = 7.0;
						DevelopmentTeam = 4BM96QD7BS;
						TestTargetID = AB7403671BAB14EF0068F162;
					};
				};
			};
			buildConfigurationList = AB7403631BAB14EF0068F162 /* Build configuration list for PBXProject "NBusy" */;
			compatibilityVersion = "Xcode 3.2";
			developmentRegion = English;
			hasScannedForEncodings = 0;
			knownRegions = (
				en,
				Base,
			);
			mainGroup = AB74035F1BAB14EF0068F162;
			productRefGroup = AB7403691BAB14EF0068F162 /* Products */;
			projectDirPath = "";
			projectRoot = "";
			targets = (
				AB7403671BAB14EF0068F162 /* NBusy */,
				AB7403801BAB14F00068F162 /* NBusyTests */,
				AB74038B1BAB14F00068F162 /* NBusyUITests */,
			);
		};
/* End PBXProject section */

/* Begin PBXResourcesBuildPhase section */
		AB7403661BAB14EF0068F162 /* Resources */ = {
			isa = PBXResourcesBuildPhase;
			buildActionMask = 2147483647;
			files = (
				AB74037B1BAB14EF0068F162 /* LaunchScreen.storyboard in Resources */,
				AB7403781BAB14EF0068F162 /* Assets.xcassets in Resources */,
				AB7403761BAB14EF0068F162 /* Main.storyboard in Resources */,
			);
			runOnlyForDeploymentPostprocessing = 0;
		};
		AB74037F1BAB14F00068F162 /* Resources */ = {
			isa = PBXResourcesBuildPhase;
			buildActionMask = 2147483647;
			files = (
			);
			runOnlyForDeploymentPostprocessing = 0;
		};
		AB74038A1BAB14F00068F162 /* Resources */ = {
			isa = PBXResourcesBuildPhase;
			buildActionMask = 2147483647;
			files = (
			);
			runOnlyForDeploymentPostprocessing = 0;
		};
/* End PBXResourcesBuildPhase section */

/* Begin PBXSourcesBuildPhase section */
		AB7403641BAB14EF0068F162 /* Sources */ = {
			isa = PBXSourcesBuildPhase;
			buildActionMask = 2147483647;
			files = (
				AB74036C1BAB14EF0068F162 /* AppDelegate.swift in Sources */,
				AB74036F1BAB14EF0068F162 /* NBusy.xcdatamodeld in Sources */,
				AB7403711BAB14EF0068F162 /* MasterViewController.swift in Sources */,
				AB8B47E21BC402CF00783239 /* ChatControl.swift in Sources */,
				AB7403731BAB14EF0068F162 /* DetailViewController.swift in Sources */,
			);
			runOnlyForDeploymentPostprocessing = 0;
		};
		AB74037D1BAB14F00068F162 /* Sources */ = {
			isa = PBXSourcesBuildPhase;
			buildActionMask = 2147483647;
			files = (
				AB7403861BAB14F00068F162 /* NBusyTests.swift in Sources */,
			);
			runOnlyForDeploymentPostprocessing = 0;
		};
		AB7403881BAB14F00068F162 /* Sources */ = {
			isa = PBXSourcesBuildPhase;
			buildActionMask = 2147483647;
			files = (
				AB7403911BAB14F00068F162 /* NBusyUITests.swift in Sources */,
			);
			runOnlyForDeploymentPostprocessing = 0;
		};
/* End PBXSourcesBuildPhase section */

/* Begin PBXTargetDependency section */
		AB7403831BAB14F00068F162 /* PBXTargetDependency */ = {
			isa = PBXTargetDependency;
			target = AB7403671BAB14EF0068F162 /* NBusy */;
			targetProxy = AB7403821BAB14F00068F162 /* PBXContainerItemProxy */;
		};
		AB74038E1BAB14F00068F162 /* PBXTargetDependency */ = {
			isa = PBXTargetDependency;
			target = AB7403671BAB14EF0068F162 /* NBusy */;
			targetProxy = AB74038D1BAB14F00068F162 /* PBXContainerItemProxy */;
		};
/* End PBXTargetDependency section */

/* Begin PBXVariantGroup section */
		AB7403741BAB14EF0068F162 /* Main.storyboard */ = {
			isa = PBXVariantGroup;
			children = (
				AB7403751BAB14EF0068F162 /* Base */,
			);
			name = Main.storyboard;
			sourceTree = "<group>";
		};
		AB7403791BAB14EF0068F162 /* LaunchScreen.storyboard */ = {
			isa = PBXVariantGroup;
			children = (
				AB74037A1BAB14EF0068F162 /* Base */,
			);
			name = LaunchScreen.storyboard;
			sourceTree = "<group>";
		};
/* End PBXVariantGroup section */

/* Begin XCBuildConfiguration section */
		AB7403931BAB14F00068F162 /* Debug */ = {
			isa = XCBuildConfiguration;
			buildSettings = {
				ALWAYS_SEARCH_USER_PATHS = NO;
				CLANG_CXX_LANGUAGE_STANDARD = "gnu++0x";
				CLANG_CXX_LIBRARY = "libc++";
				CLANG_ENABLE_MODULES = YES;
				CLANG_ENABLE_OBJC_ARC = YES;
				CLANG_WARN_BOOL_CONVERSION = YES;
				CLANG_WARN_CONSTANT_CONVERSION = YES;
				CLANG_WARN_DIRECT_OBJC_ISA_USAGE = YES_ERROR;
				CLANG_WARN_EMPTY_BODY = YES;
				CLANG_WARN_ENUM_CONVERSION = YES;
				CLANG_WARN_INT_CONVERSION = YES;
				CLANG_WARN_OBJC_ROOT_CLASS = YES_ERROR;
				CLANG_WARN_UNREACHABLE_CODE = YES;
				CLANG_WARN__DUPLICATE_METHOD_MATCH = YES;
				"CODE_SIGN_IDENTITY[sdk=iphoneos*]" = "iPhone Developer";
				COPY_PHASE_STRIP = NO;
				DEBUG_INFORMATION_FORMAT = dwarf;
				ENABLE_STRICT_OBJC_MSGSEND = YES;
				ENABLE_TESTABILITY = YES;
				GCC_C_LANGUAGE_STANDARD = gnu99;
				GCC_DYNAMIC_NO_PIC = NO;
				GCC_NO_COMMON_BLOCKS = YES;
				GCC_OPTIMIZATION_LEVEL = 0;
				GCC_PREPROCESSOR_DEFINITIONS = (
					"DEBUG=1",
					"$(inherited)",
				);
				GCC_WARN_64_TO_32_BIT_CONVERSION = YES;
				GCC_WARN_ABOUT_RETURN_TYPE = YES_ERROR;
				GCC_WARN_UNDECLARED_SELECTOR = YES;
				GCC_WARN_UNINITIALIZED_AUTOS = YES_AGGRESSIVE;
				GCC_WARN_UNUSED_FUNCTION = YES;
				GCC_WARN_UNUSED_VARIABLE = YES;
				IPHONEOS_DEPLOYMENT_TARGET = 9.0;
				MTL_ENABLE_DEBUG_INFO = YES;
				ONLY_ACTIVE_ARCH = YES;
				SDKROOT = iphoneos;
				SWIFT_OPTIMIZATION_LEVEL = "-Onone";
				TARGETED_DEVICE_FAMILY = "1,2";
			};
			name = Debug;
		};
		AB7403941BAB14F00068F162 /* Release */ = {
			isa = XCBuildConfiguration;
			buildSettings = {
				ALWAYS_SEARCH_USER_PATHS = NO;
				CLANG_CXX_LANGUAGE_STANDARD = "gnu++0x";
				CLANG_CXX_LIBRARY = "libc++";
				CLANG_ENABLE_MODULES = YES;
				CLANG_ENABLE_OBJC_ARC = YES;
				CLANG_WARN_BOOL_CONVERSION = YES;
				CLANG_WARN_CONSTANT_CONVERSION = YES;
				CLANG_WARN_DIRECT_OBJC_ISA_USAGE = YES_ERROR;
				CLANG_WARN_EMPTY_BODY = YES;
				CLANG_WARN_ENUM_CONVERSION = YES;
				CLANG_WARN_INT_CONVERSION = YES;
				CLANG_WARN_OBJC_ROOT_CLASS = YES_ERROR;
				CLANG_WARN_UNREACHABLE_CODE = YES;
				CLANG_WARN__DUPLICATE_METHOD_MATCH = YES;
				"CODE_SIGN_IDENTITY[sdk=iphoneos*]" = "iPhone Developer";
				COPY_PHASE_STRIP = NO;
				DEBUG_INFORMATION_FORMAT = "dwarf-with-dsym";
				ENABLE_NS_ASSERTIONS = NO;
				ENABLE_STRICT_OBJC_MSGSEND = YES;
				GCC_C_LANGUAGE_STANDARD = gnu99;
				GCC_NO_COMMON_BLOCKS = YES;
				GCC_WARN_64_TO_32_BIT_CONVERSION = YES;
				GCC_WARN_ABOUT_RETURN_TYPE = YES_ERROR;
				GCC_WARN_UNDECLARED_SELECTOR = YES;
				GCC_WARN_UNINITIALIZED_AUTOS = YES_AGGRESSIVE;
				GCC_WARN_UNUSED_FUNCTION = YES;
				GCC_WARN_UNUSED_VARIABLE = YES;
				IPHONEOS_DEPLOYMENT_TARGET = 9.0;
				MTL_ENABLE_DEBUG_INFO = NO;
				SDKROOT = iphoneos;
				TARGETED_DEVICE_FAMILY = "1,2";
				VALIDATE_PRODUCT = YES;
			};
			name = Release;
		};
		AB7403961BAB14F00068F162 /* Debug */ = {
			isa = XCBuildConfiguration;
			buildSettings = {
				ASSETCATALOG_COMPILER_APPICON_NAME = AppIcon;
				INFOPLIST_FILE = NBusy/Info.plist;
				LD_RUNPATH_SEARCH_PATHS = "$(inherited) @executable_path/Frameworks";
				PRODUCT_BUNDLE_IDENTIFIER = com.nbusy.NBusy;
				PRODUCT_NAME = "$(TARGET_NAME)";
			};
			name = Debug;
		};
		AB7403971BAB14F00068F162 /* Release */ = {
			isa = XCBuildConfiguration;
			buildSettings = {
				ASSETCATALOG_COMPILER_APPICON_NAME = AppIcon;
				INFOPLIST_FILE = NBusy/Info.plist;
				LD_RUNPATH_SEARCH_PATHS = "$(inherited) @executable_path/Frameworks";
				PRODUCT_BUNDLE_IDENTIFIER = com.nbusy.NBusy;
				PRODUCT_NAME = "$(TARGET_NAME)";
			};
			name = Release;
		};
		AB7403991BAB14F00068F162 /* Debug */ = {
			isa = XCBuildConfiguration;
			buildSettings = {
				BUNDLE_LOADER = "$(TEST_HOST)";
				INFOPLIST_FILE = NBusyTests/Info.plist;
				LD_RUNPATH_SEARCH_PATHS = "$(inherited) @executable_path/Frameworks @loader_path/Frameworks";
				PRODUCT_BUNDLE_IDENTIFIER = com.nbusy.NBusyTests;
				PRODUCT_NAME = "$(TARGET_NAME)";
				TEST_HOST = "$(BUILT_PRODUCTS_DIR)/NBusy.app/NBusy";
			};
			name = Debug;
		};
		AB74039A1BAB14F00068F162 /* Release */ = {
			isa = XCBuildConfiguration;
			buildSettings = {
				BUNDLE_LOADER = "$(TEST_HOST)";
				INFOPLIST_FILE = NBusyTests/Info.plist;
				LD_RUNPATH_SEARCH_PATHS = "$(inherited) @executable_path/Frameworks @loader_path/Frameworks";
				PRODUCT_BUNDLE_IDENTIFIER = com.nbusy.NBusyTests;
				PRODUCT_NAME = "$(TARGET_NAME)";
				TEST_HOST = "$(BUILT_PRODUCTS_DIR)/NBusy.app/NBusy";
			};
			name = Release;
		};
		AB74039C1BAB14F00068F162 /* Debug */ = {
			isa = XCBuildConfiguration;
			buildSettings = {
				INFOPLIST_FILE = NBusyUITests/Info.plist;
				LD_RUNPATH_SEARCH_PATHS = "$(inherited) @executable_path/Frameworks @loader_path/Frameworks";
				PRODUCT_BUNDLE_IDENTIFIER = com.nbusy.NBusyUITests;
				PRODUCT_NAME = "$(TARGET_NAME)";
				TEST_TARGET_NAME = NBusy;
				USES_XCTRUNNER = YES;
			};
			name = Debug;
		};
		AB74039D1BAB14F00068F162 /* Release */ = {
			isa = XCBuildConfiguration;
			buildSettings = {
				INFOPLIST_FILE = NBusyUITests/Info.plist;
				LD_RUNPATH_SEARCH_PATHS = "$(inherited) @executable_path/Frameworks @loader_path/Frameworks";
				PRODUCT_BUNDLE_IDENTIFIER = com.nbusy.NBusyUITests;
				PRODUCT_NAME = "$(TARGET_NAME)";
				TEST_TARGET_NAME = NBusy;
				USES_XCTRUNNER = YES;
			};
			name = Release;
		};
/* End XCBuildConfiguration section */

/* Begin XCConfigurationList section */
		AB7403631BAB14EF0068F162 /* Build configuration list for PBXProject "NBusy" */ = {
			isa = XCConfigurationList;
			buildConfigurations = (
				AB7403931BAB14F00068F162 /* Debug */,
				AB7403941BAB14F00068F162 /* Release */,
			);
			defaultConfigurationIsVisible = 0;
			defaultConfigurationName = Release;
		};
		AB7403951BAB14F00068F162 /* Build configuration list for PBXNativeTarget "NBusy" */ = {
			isa = XCConfigurationList;
			buildConfigurations = (
				AB7403961BAB14F00068F162 /* Debug */,
				AB7403971BAB14F00068F162 /* Release */,
			);
			defaultConfigurationIsVisible = 0;
			defaultConfigurationName = Release;
		};
		AB7403981BAB14F00068F162 /* Build configuration list for PBXNativeTarget "NBusyTests" */ = {
			isa = XCConfigurationList;
			buildConfigurations = (
				AB7403991BAB14F00068F162 /* Debug */,
				AB74039A1BAB14F00068F162 /* Release */,
			);
			defaultConfigurationIsVisible = 0;
			defaultConfigurationName = Release;
		};
		AB74039B1BAB14F00068F162 /* Build configuration list for PBXNativeTarget "NBusyUITests" */ = {
			isa = XCConfigurationList;
			buildConfigurations = (
				AB74039C1BAB14F00068F162 /* Debug */,
				AB74039D1BAB14F00068F162 /* Release */,
			);
			defaultConfigurationIsVisible = 0;
			defaultConfigurationName = Release;
		};
/* End XCConfigurationList section */

/* Begin XCVersionGroup section */
		AB74036D1BAB14EF0068F162 /* NBusy.xcdatamodeld */ = {
			isa = XCVersionGroup;
			children = (
				AB74036E1BAB14EF0068F162 /* NBusy.xcdatamodel */,
			);
			currentVersion = AB74036E1BAB14EF0068F162 /* NBusy.xcdatamodel */;
			path = NBusy.xcdatamodeld;
			sourceTree = "<group>";
			versionGroupType = wrapper.xcdatamodel;
		};
/* End XCVersionGroup section */
	};
	rootObject = AB7403601BAB14EF0068F162 /* Project object */;
}
